
Microsoft Visual Studio Solution File, Format Version 12.00
# Visual Studio Version 16
VisualStudioVersion = 16.0.31410.357
MinimumVisualStudioVersion = 10.0.40219.1
Project("{FAE04EC0-301F-11D3-BF4B-00C04F79EFBC}") = "AljazeeraCPanel", "AljazeeraCPanel\AljazeeraCPanel.csproj", "{E824F72C-63C1-4154-8AB7-4A330A71BD2E}"
EndProject
Global
	GlobalSection(SolutionConfigurationPlatforms) = preSolution
		Debug|Any CPU = Debug|Any CPU
		Release|Any CPU = Release|Any CPU
	EndGlobalSection
	GlobalSection(ProjectConfigurationPlatforms) = postSolution
		{E824F72C-63C1-4154-8AB7-4A330A71BD2E}.Debug|Any CPU.ActiveCfg = Debug|Any CPU
		{E824F72C-63C1-4154-8AB7-4A330A71BD2E}.Debug|Any CPU.Build.0 = Debug|Any CPU
		{E824F72C-63C1-4154-8AB7-4A330A71BD2E}.Release|Any CPU.ActiveCfg = Release|Any CPU
		{E824F72C-63C1-4154-8AB7-4A330A71BD2E}.Release|Any CPU.Build.0 = Release|Any CPU
	EndGlobalSection
	GlobalSection(SolutionProperties) = preSolution
		HideSolutionNode = FALSE
	EndGlobalSection
	GlobalSection(ExtensibilityGlobals) = postSolution
		SolutionGuid = {44761AF9-53E1-49FE-A2C1-C6C98DC5FD2B}
	EndGlobalSection
EndGlobal
